// !$*UTF8*$!
{
	archiveVersion = 1;
	classes = {
	};
	objectVersion = 46;
	objects = {

/* Begin PBXBuildFile section */
		14700D7A193FB4E80077E189 /* main.m in Sources */ = {isa = PBXBuildFile; fileRef = 14700D79193FB4E80077E189 /* main.m */; };
		14700D7D193FB4E80077E189 /* AppDelegate.m in Sources */ = {isa = PBXBuildFile; fileRef = 14700D7C193FB4E80077E189 /* AppDelegate.m */; };
		14700D80193FB4E80077E189 /* ViewController.m in Sources */ = {isa = PBXBuildFile; fileRef = 14700D7F193FB4E80077E189 /* ViewController.m */; };
		14700D83193FB4E80077E189 /* Main.storyboard in Resources */ = {isa = PBXBuildFile; fileRef = 14700D81193FB4E80077E189 /* Main.storyboard */; };
		14700D85193FB4E80077E189 /* Images.xcassets in Resources */ = {isa = PBXBuildFile; fileRef = 14700D84193FB4E80077E189 /* Images.xcassets */; };
		14700D91193FB4E80077E189 /* WebKitTests.m in Sources */ = {isa = PBXBuildFile; fileRef = 14700D90193FB4E80077E189 /* WebKitTests.m */; };
/* End PBXBuildFile section */

/* Begin PBXContainerItemProxy section */
		14700D8B193FB4E80077E189 /* PBXContainerItemProxy */ = {
			isa = PBXContainerItemProxy;
			containerPortal = 14700D6C193FB4E80077E189 /* Project object */;
			proxyType = 1;
			remoteGlobalIDString = 14700D73193FB4E80077E189;
			remoteInfo = WebKit;
		};
/* End PBXContainerItemProxy section */

/* Begin PBXFileReference section */
		144B2981193FD64700A77234 /* helper.h */ = {isa = PBXFileReference; lastKnownFileType = sourcecode.c.h; path = helper.h; sourceTree = "<group>"; };
		14700D74193FB4E80077E189 /* WebKit.app */ = {isa = PBXFileReference; explicitFileType = wrapper.application; includeInIndex = 0; path = WebKit.app; sourceTree = BUILT_PRODUCTS_DIR; };
		14700D78193FB4E80077E189 /* Info.plist */ = {isa = PBXFileReference; lastKnownFileType = text.plist.xml; path = Info.plist; sourceTree = "<group>"; };
		14700D79193FB4E80077E189 /* main.m */ = {isa = PBXFileReference; lastKnownFileType = sourcecode.c.objc; path = main.m; sourceTree = "<group>"; };
		14700D7B193FB4E80077E189 /* AppDelegate.h */ = {isa = PBXFileReference; lastKnownFileType = sourcecode.c.h; path = AppDelegate.h; sourceTree = "<group>"; };
		14700D7C193FB4E80077E189 /* AppDelegate.m */ = {isa = PBXFileReference; lastKnownFileType = sourcecode.c.objc; path = AppDelegate.m; sourceTree = "<group>"; };
		14700D7E193FB4E80077E189 /* ViewController.h */ = {isa = PBXFileReference; lastKnownFileType = sourcecode.c.h; path = ViewController.h; sourceTree = "<group>"; };
		14700D7F193FB4E80077E189 /* ViewController.m */ = {isa = PBXFileReference; lastKnownFileType = sourcecode.c.objc; path = ViewController.m; sourceTree = "<group>"; };
		14700D82193FB4E80077E189 /* Base */ = {isa = PBXFileReference; lastKnownFileType = file.storyboard; name = Base; path = Base.lproj/Main.storyboard; sourceTree = "<group>"; };
		14700D84193FB4E80077E189 /* Images.xcassets */ = {isa = PBXFileReference; lastKnownFileType = folder.assetcatalog; path = Images.xcassets; sourceTree = "<group>"; };
		14700D8A193FB4E80077E189 /* WebKitTests.xctest */ = {isa = PBXFileReference; explicitFileType = wrapper.cfbundle; includeInIndex = 0; path = WebKitTests.xctest; sourceTree = BUILT_PRODUCTS_DIR; };
		14700D8F193FB4E80077E189 /* Info.plist */ = {isa = PBXFileReference; lastKnownFileType = text.plist.xml; path = Info.plist; sourceTree = "<group>"; };
		14700D90193FB4E80077E189 /* WebKitTests.m */ = {isa = PBXFileReference; lastKnownFileType = sourcecode.c.objc; path = WebKitTests.m; sourceTree = "<group>"; };
/* End PBXFileReference section */

/* Begin PBXFrameworksBuildPhase section */
		14700D71193FB4E80077E189 /* Frameworks */ = {
			isa = PBXFrameworksBuildPhase;
			buildActionMask = 2147483647;
			files = (
			);
			runOnlyForDeploymentPostprocessing = 0;
		};
		14700D87193FB4E80077E189 /* Frameworks */ = {
			isa = PBXFrameworksBuildPhase;
			buildActionMask = 2147483647;
			files = (
			);
			runOnlyForDeploymentPostprocessing = 0;
		};
/* End PBXFrameworksBuildPhase section */

/* Begin PBXGroup section */
		14700D6B193FB4E80077E189 = {
			isa = PBXGroup;
			children = (
				14700D76193FB4E80077E189 /* WebKit */,
				14700D8D193FB4E80077E189 /* WebKitTests */,
				14700D75193FB4E80077E189 /* Products */,
			);
			sourceTree = "<group>";
		};
		14700D75193FB4E80077E189 /* Products */ = {
			isa = PBXGroup;
			children = (
				14700D74193FB4E80077E189 /* WebKit.app */,
				14700D8A193FB4E80077E189 /* WebKitTests.xctest */,
			);
			name = Products;
			sourceTree = "<group>";
		};
		14700D76193FB4E80077E189 /* WebKit */ = {
			isa = PBXGroup;
			children = (
				14700D7B193FB4E80077E189 /* AppDelegate.h */,
				14700D7C193FB4E80077E189 /* AppDelegate.m */,
				14700D7E193FB4E80077E189 /* ViewController.h */,
				14700D7F193FB4E80077E189 /* ViewController.m */,
				14700D81193FB4E80077E189 /* Main.storyboard */,
				14700D84193FB4E80077E189 /* Images.xcassets */,
				14700D77193FB4E80077E189 /* Supporting Files */,
				144B2981193FD64700A77234 /* helper.h */,
			);
			path = WebKit;
			sourceTree = "<group>";
		};
		14700D77193FB4E80077E189 /* Supporting Files */ = {
			isa = PBXGroup;
			children = (
				14700D78193FB4E80077E189 /* Info.plist */,
				14700D79193FB4E80077E189 /* main.m */,
			);
			name = "Supporting Files";
			sourceTree = "<group>";
		};
		14700D8D193FB4E80077E189 /* WebKitTests */ = {
			isa = PBXGroup;
			children = (
				14700D90193FB4E80077E189 /* WebKitTests.m */,
				14700D8E193FB4E80077E189 /* Supporting Files */,
			);
			path = WebKitTests;
			sourceTree = "<group>";
		};
		14700D8E193FB4E80077E189 /* Supporting Files */ = {
			isa = PBXGroup;
			children = (
				14700D8F193FB4E80077E189 /* Info.plist */,
			);
			name = "Supporting Files";
			sourceTree = "<group>";
		};
/* End PBXGroup section */

/* Begin PBXNativeTarget section */
		14700D73193FB4E80077E189 /* WebKit */ = {
			isa = PBXNativeTarget;
			buildConfigurationList = 14700D94193FB4E80077E189 /* Build configuration list for PBXNativeTarget "WebKit" */;
			buildPhases = (
				14700D70193FB4E80077E189 /* Sources */,
				14700D71193FB4E80077E189 /* Frameworks */,
				14700D72193FB4E80077E189 /* Resources */,
			);
			buildRules = (
			);
			dependencies = (
			);
			name = WebKit;
			productName = WebKit;
			productReference = 14700D74193FB4E80077E189 /* WebKit.app */;
			productType = "com.apple.product-type.application";
		};
		14700D89193FB4E80077E189 /* WebKitTests */ = {
			isa = PBXNativeTarget;
			buildConfigurationList = 14700D97193FB4E80077E189 /* Build configuration list for PBXNativeTarget "WebKitTests" */;
			buildPhases = (
				14700D86193FB4E80077E189 /* Sources */,
				14700D87193FB4E80077E189 /* Frameworks */,
				14700D88193FB4E80077E189 /* Resources */,
			);
			buildRules = (
			);
			dependencies = (
				14700D8C193FB4E80077E189 /* PBXTargetDependency */,
			);
			name = WebKitTests;
			productName = WebKitTests;
			productReference = 14700D8A193FB4E80077E189 /* WebKitTests.xctest */;
			productType = "com.apple.product-type.bundle.unit-test";
		};
/* End PBXNativeTarget section */

/* Begin PBXProject section */
		14700D6C193FB4E80077E189 /* Project object */ = {
			isa = PBXProject;
			attributes = {
				LastUpgradeCheck = 0600;
				ORGANIZATIONNAME = sonson;
				TargetAttributes = {
					14700D73193FB4E80077E189 = {
						CreatedOnToolsVersion = 6.0;
					};
					14700D89193FB4E80077E189 = {
						CreatedOnToolsVersion = 6.0;
						TestTargetID = 14700D73193FB4E80077E189;
					};
				};
			};
			buildConfigurationList = 14700D6F193FB4E80077E189 /* Build configuration list for PBXProject "WebKit" */;
			compatibilityVersion = "Xcode 3.2";
			developmentRegion = English;
			hasScannedForEncodings = 0;
			knownRegions = (
				en,
				Base,
			);
			mainGroup = 14700D6B193FB4E80077E189;
			productRefGroup = 14700D75193FB4E80077E189 /* Products */;
			projectDirPath = "";
			projectRoot = "";
			targets = (
				14700D73193FB4E80077E189 /* WebKit */,
				14700D89193FB4E80077E189 /* WebKitTests */,
			);
		};
/* End PBXProject section */

/* Begin PBXResourcesBuildPhase section */
		14700D72193FB4E80077E189 /* Resources */ = {
			isa = PBXResourcesBuildPhase;
			buildActionMask = 2147483647;
			files = (
				14700D83193FB4E80077E189 /* Main.storyboard in Resources */,
				14700D85193FB4E80077E189 /* Images.xcassets in Resources */,
			);
			runOnlyForDeploymentPostprocessing = 0;
		};
		14700D88193FB4E80077E189 /* Resources */ = {
			isa = PBXResourcesBuildPhase;
			buildActionMask = 2147483647;
			files = (
			);
			runOnlyForDeploymentPostprocessing = 0;
		};
/* End PBXResourcesBuildPhase section */

/* Begin PBXSourcesBuildPhase section */
		14700D70193FB4E80077E189 /* Sources */ = {
			isa = PBXSourcesBuildPhase;
			buildActionMask = 2147483647;
			files = (
				14700D80193FB4E80077E189 /* ViewController.m in Sources */,
				14700D7D193FB4E80077E189 /* AppDelegate.m in Sources */,
				14700D7A193FB4E80077E189 /* main.m in Sources */,
			);
			runOnlyForDeploymentPostprocessing = 0;
		};
		14700D86193FB4E80077E189 /* Sources */ = {
			isa = PBXSourcesBuildPhase;
			buildActionMask = 2147483647;
			files = (
				14700D91193FB4E80077E189 /* WebKitTests.m in Sources */,
			);
			runOnlyForDeploymentPostprocessing = 0;
		};
/* End PBXSourcesBuildPhase section */

/* Begin PBXTargetDependency section */
		14700D8C193FB4E80077E189 /* PBXTargetDependency */ = {
			isa = PBXTargetDependency;
			target = 14700D73193FB4E80077E189 /* WebKit */;
			targetProxy = 14700D8B193FB4E80077E189 /* PBXContainerItemProxy */;
		};
/* End PBXTargetDependency section */

/* Begin PBXVariantGroup section */
		14700D81193FB4E80077E189 /* Main.storyboard */ = {
			isa = PBXVariantGroup;
			children = (
				14700D82193FB4E80077E189 /* Base */,
			);
			name = Main.storyboard;
			sourceTree = "<group>";
		};
/* End PBXVariantGroup section */

/* Begin XCBuildConfiguration section */
		14700D92193FB4E80077E189 /* Debug */ = {
			isa = XCBuildConfiguration;
			buildSettings = {
				ALWAYS_SEARCH_USER_PATHS = NO;
				CLANG_CXX_LANGUAGE_STANDARD = "gnu++0x";
				CLANG_CXX_LIBRARY = "libc++";
				CLANG_ENABLE_MODULES = YES;
				CLANG_ENABLE_OBJC_ARC = YES;
				CLANG_WARN_BOOL_CONVERSION = YES;
				CLANG_WARN_CONSTANT_CONVERSION = YES;
				CLANG_WARN_DIRECT_OBJC_ISA_USAGE = YES_ERROR;
				CLANG_WARN_EMPTY_BODY = YES;
				CLANG_WARN_ENUM_CONVERSION = YES;
				CLANG_WARN_INT_CONVERSION = YES;
				CLANG_WARN_OBJC_ROOT_CLASS = YES_ERROR;
				CLANG_WARN_UNREACHABLE_CODE = YES;
				CLANG_WARN__DUPLICATE_METHOD_MATCH = YES;
				"CODE_SIGN_IDENTITY[sdk=iphoneos*]" = "iPhone Developer";
				COPY_PHASE_STRIP = NO;
				ENABLE_STRICT_OBJC_MSGSEND = YES;
				GCC_C_LANGUAGE_STANDARD = gnu99;
				GCC_DYNAMIC_NO_PIC = NO;
				GCC_OPTIMIZATION_LEVEL = 0;
				GCC_PREPROCESSOR_DEFINITIONS = (
					"DEBUG=1",
					"$(inherited)",
				);
				GCC_SYMBOLS_PRIVATE_EXTERN = NO;
				GCC_WARN_64_TO_32_BIT_CONVERSION = YES;
				GCC_WARN_ABOUT_RETURN_TYPE = YES_ERROR;
				GCC_WARN_UNDECLARED_SELECTOR = YES;
				GCC_WARN_UNINITIALIZED_AUTOS = YES_AGGRESSIVE;
				GCC_WARN_UNUSED_FUNCTION = YES;
				GCC_WARN_UNUSED_VARIABLE = YES;
				IPHONEOS_DEPLOYMENT_TARGET = 8.0;
				METAL_ENABLE_DEBUG_INFO = YES;
				ONLY_ACTIVE_ARCH = YES;
				SDKROOT = iphoneos;
			};
			name = Debug;
		};
		14700D93193FB4E80077E189 /* Release */ = {
			isa = XCBuildConfiguration;
			buildSettings = {
				ALWAYS_SEARCH_USER_PATHS = NO;
				CLANG_CXX_LANGUAGE_STANDARD = "gnu++0x";
				CLANG_CXX_LIBRARY = "libc++";
				CLANG_ENABLE_MODULES = YES;
				CLANG_ENABLE_OBJC_ARC = YES;
				CLANG_WARN_BOOL_CONVERSION = YES;
				CLANG_WARN_CONSTANT_CONVERSION = YES;
				CLANG_WARN_DIRECT_OBJC_ISA_USAGE = YES_ERROR;
				CLANG_WARN_EMPTY_BODY = YES;
				CLANG_WARN_ENUM_CONVERSION = YES;
				CLANG_WARN_INT_CONVERSION = YES;
				CLANG_WARN_OBJC_ROOT_CLASS = YES_ERROR;
				CLANG_WARN_UNREACHABLE_CODE = YES;
				CLANG_WARN__DUPLICATE_METHOD_MATCH = YES;
				"CODE_SIGN_IDENTITY[sdk=iphoneos*]" = "iPhone Developer";
				COPY_PHASE_STRIP = YES;
				ENABLE_NS_ASSERTIONS = NO;
				ENABLE_STRICT_OBJC_MSGSEND = YES;
				GCC_C_LANGUAGE_STANDARD = gnu99;
				GCC_WARN_64_TO_32_BIT_CONVERSION = YES;
				GCC_WARN_ABOUT_RETURN_TYPE = YES_ERROR;
				GCC_WARN_UNDECLARED_SELECTOR = YES;
				GCC_WARN_UNINITIALIZED_AUTOS = YES_AGGRESSIVE;
				GCC_WARN_UNUSED_FUNCTION = YES;
				GCC_WARN_UNUSED_VARIABLE = YES;
				IPHONEOS_DEPLOYMENT_TARGET = 8.0;
				METAL_ENABLE_DEBUG_INFO = NO;
				SDKROOT = iphoneos;
				VALIDATE_PRODUCT = YES;
			};
			name = Release;
		};
		14700D95193FB4E80077E189 /* Debug */ = {
			isa = XCBuildConfiguration;
			buildSettings = {
				ASSETCATALOG_COMPILER_APPICON_NAME = AppIcon;
				ASSETCATALOG_COMPILER_LAUNCHIMAGE_NAME = LaunchImage;
				INFOPLIST_FILE = WebKit/Info.plist;
				LD_RUNPATH_SEARCH_PATHS = "$(inherited) @executable_path/Frameworks";
				PRODUCT_NAME = "$(TARGET_NAME)";
			};
			name = Debug;
		};
		14700D96193FB4E80077E189 /* Release */ = {
			isa = XCBuildConfiguration;
			buildSettings = {
				ASSETCATALOG_COMPILER_APPICON_NAME = AppIcon;
				ASSETCATALOG_COMPILER_LAUNCHIMAGE_NAME = LaunchImage;
				INFOPLIST_FILE = WebKit/Info.plist;
				LD_RUNPATH_SEARCH_PATHS = "$(inherited) @executable_path/Frameworks";
				PRODUCT_NAME = "$(TARGET_NAME)";
			};
			name = Release;
		};
		14700D98193FB4E80077E189 /* Debug */ = {
			isa = XCBuildConfiguration;
			buildSettings = {
				BUNDLE_LOADER = "$(BUILT_PRODUCTS_DIR)/WebKit.app/WebKit";
				FRAMEWORK_SEARCH_PATHS = (
					"$(SDKROOT)/Developer/Library/Frameworks",
					"$(inherited)",
				);
				GCC_PREPROCESSOR_DEFINITIONS = (
					"DEBUG=1",
					"$(inherited)",
				);
				INFOPLIST_FILE = WebKitTests/Info.plist;
				LD_RUNPATH_SEARCH_PATHS = "$(inherited) @executable_path/Frameworks @loader_path/Frameworks";
				METAL_ENABLE_DEBUG_INFO = YES;
				PRODUCT_NAME = "$(TARGET_NAME)";
				TEST_HOST = "$(BUNDLE_LOADER)";
			};
			name = Debug;
		};
		14700D99193FB4E80077E189 /* Release */ = {
			isa = XCBuildConfiguration;
			buildSettings = {
				BUNDLE_LOADER = "$(BUILT_PRODUCTS_DIR)/WebKit.app/WebKit";
				FRAMEWORK_SEARCH_PATHS = (
					"$(SDKROOT)/Developer/Library/Frameworks",
					"$(inherited)",
				);
				INFOPLIST_FILE = WebKitTests/Info.plist;
				LD_RUNPATH_SEARCH_PATHS = "$(inherited) @executable_path/Frameworks @loader_path/Frameworks";
				METAL_ENABLE_DEBUG_INFO = NO;
				PRODUCT_NAME = "$(TARGET_NAME)";
				TEST_HOST = "$(BUNDLE_LOADER)";
			};
			name = Release;
		};
/* End XCBuildConfiguration section */

/* Begin XCConfigurationList section */
		14700D6F193FB4E80077E189 /* Build configuration list for PBXProject "WebKit" */ = {
			isa = XCConfigurationList;
			buildConfigurations = (
				14700D92193FB4E80077E189 /* Debug */,
				14700D93193FB4E80077E189 /* Release */,
			);
			defaultConfigurationIsVisible = 0;
			defaultConfigurationName = Release;
		};
		14700D94193FB4E80077E189 /* Build configuration list for PBXNativeTarget "WebKit" */ = {
			isa = XCConfigurationList;
			buildConfigurations = (
				14700D95193FB4E80077E189 /* Debug */,
				14700D96193FB4E80077E189 /* Release */,
			);
			defaultConfigurationIsVisible = 0;
			defaultConfigurationName = Release;
		};
		14700D97193FB4E80077E189 /* Build configuration list for PBXNativeTarget "WebKitTests" */ = {
			isa = XCConfigurationList;
			buildConfigurations = (
				14700D98193FB4E80077E189 /* Debug */,
				14700D99193FB4E80077E189 /* Release */,
			);
			defaultConfigurationIsVisible = 0;
			defaultConfigurationName = Release;
		};
/* End XCConfigurationList section */
	};
	rootObject = 14700D6C193FB4E80077E189 /* Project object */;
}
